
Microsoft Visual Studio Solution File, Format Version 12.00
# Visual Studio Version 17
VisualStudioVersion = 17.10.35013.160
MinimumVisualStudioVersion = 10.0.40219.1
Project("{FAE04EC0-301F-11D3-BF4B-00C04F79EFBC}") = "BluetoothSample", "BluetoothSample.csproj", "{E02454B6-F1E7-4019-AED9-2E074312C37D}"
EndProject
Global
	GlobalSection(SolutionConfigurationPlatforms) = preSolution
		Debug|Any CPU = Debug|Any CPU
		Release|Any CPU = Release|Any CPU
	EndGlobalSection
	GlobalSection(ProjectConfigurationPlatforms) = postSolution
		{E02454B6-F1E7-4019-AED9-2E074312C37D}.Debug|Any CPU.ActiveCfg = Debug|Any CPU
		{E02454B6-F1E7-4019-AED9-2E074312C37D}.Debug|Any CPU.Build.0 = Debug|Any CPU
		{E02454B6-F1E7-4019-AED9-2E074312C37D}.Debug|Any CPU.Deploy.0 = Debug|Any CPU
		{E02454B6-F1E7-4019-AED9-2E074312C37D}.Release|Any CPU.ActiveCfg = Release|Any CPU
		{E02454B6-F1E7-4019-AED9-2E074312C37D}.Release|Any CPU.Build.0 = Release|Any CPU
		{E02454B6-F1E7-4019-AED9-2E074312C37D}.Release|Any CPU.Deploy.0 = Release|Any CPU
	EndGlobalSection
	GlobalSection(SolutionProperties) = preSolution
		HideSolutionNode = FALSE
	EndGlobalSection
	GlobalSection(ExtensibilityGlobals) = postSolution
		SolutionGuid = {E2E15EDD-5603-49F5-846E-9180E5414C6D}
	EndGlobalSection
EndGlobal
